
Microsoft Visual Studio Solution File, Format Version 11.00
# Visual Studio 2010
Project("{8BC9CEB8-8B4A-11D0-8D11-00A0C91BC942}") = "CefSharp", "CefSharp\CefSharp.vcxproj", "{7B495581-2271-4F41-9476-ACB86E8C864F}"
EndProject
Project("{8BC9CEB8-8B4A-11D0-8D11-00A0C91BC942}") = "CefSharp.WinForms", "CefSharp.WinForms\CefSharp.WinForms.vcxproj", "{978C9B2B-04B6-4359-A341-CA3FCBE98D32}"
EndProject
Global
	GlobalSection(SolutionConfigurationPlatforms) = preSolution
		Debug|Any CPU = Debug|Any CPU
		Debug|Mixed Platforms = Debug|Mixed Platforms
		Debug|Win32 = Debug|Win32
		Release|Any CPU = Release|Any CPU
		Release|Mixed Platforms = Release|Mixed Platforms
		Release|Win32 = Release|Win32
	EndGlobalSection
	GlobalSection(ProjectConfigurationPlatforms) = postSolution
		{7B495581-2271-4F41-9476-ACB86E8C864F}.Debug|Any CPU.ActiveCfg = Debug|Win32
		{7B495581-2271-4F41-9476-ACB86E8C864F}.Debug|Mixed Platforms.ActiveCfg = Debug|Win32
		{7B495581-2271-4F41-9476-ACB86E8C864F}.Debug|Mixed Platforms.Build.0 = Debug|Win32
		{7B495581-2271-4F41-9476-ACB86E8C864F}.Debug|Win32.ActiveCfg = Debug|Win32
		{7B495581-2271-4F41-9476-ACB86E8C864F}.Debug|Win32.Build.0 = Debug|Win32
		{7B495581-2271-4F41-9476-ACB86E8C864F}.Release|Any CPU.ActiveCfg = Release|Win32
		{7B495581-2271-4F41-9476-ACB86E8C864F}.Release|Mixed Platforms.ActiveCfg = Release|Win32
		{7B495581-2271-4F41-9476-ACB86E8C864F}.Release|Mixed Platforms.Build.0 = Release|Win32
		{7B495581-2271-4F41-9476-ACB86E8C864F}.Release|Win32.ActiveCfg = Release|Win32
		{7B495581-2271-4F41-9476-ACB86E8C864F}.Release|Win32.Build.0 = Release|Win32
		{978C9B2B-04B6-4359-A341-CA3FCBE98D32}.Debug|Any CPU.ActiveCfg = Debug|Win32
		{978C9B2B-04B6-4359-A341-CA3FCBE98D32}.Debug|Mixed Platforms.ActiveCfg = Debug|Win32
		{978C9B2B-04B6-4359-A341-CA3FCBE98D32}.Debug|Mixed Platforms.Build.0 = Debug|Win32
		{978C9B2B-04B6-4359-A341-CA3FCBE98D32}.Debug|Win32.ActiveCfg = Debug|Win32
		{978C9B2B-04B6-4359-A341-CA3FCBE98D32}.Debug|Win32.Build.0 = Debug|Win32
		{978C9B2B-04B6-4359-A341-CA3FCBE98D32}.Release|Any CPU.ActiveCfg = Release|Win32
		{978C9B2B-04B6-4359-A341-CA3FCBE98D32}.Release|Mixed Platforms.ActiveCfg = Release|Win32
		{978C9B2B-04B6-4359-A341-CA3FCBE98D32}.Release|Mixed Platforms.Build.0 = Release|Win32
		{978C9B2B-04B6-4359-A341-CA3FCBE98D32}.Release|Win32.ActiveCfg = Release|Win32
		{978C9B2B-04B6-4359-A341-CA3FCBE98D32}.Release|Win32.Build.0 = Release|Win32
	EndGlobalSection
	GlobalSection(SolutionProperties) = preSolution
		HideSolutionNode = FALSE
	EndGlobalSection
EndGlobal
